<?xml version="1.0" encoding="utf-8"?>
<Project ToolsVersion="4.0" xmlns="http://schemas.microsoft.com/developer/msbuild/2003">
  <ItemGroup>
    <ClInclude Include="..\..\..\src\vulkan\vulkan_helper.hpp">
      <Filter>vulkan</Filter>
    </ClInclude>
    <ClInclude Include="..\..\..\src\vulkan\vulkan_shaders.hpp">
      <Filter>vulkan</Filter>
    </ClInclude>
    <ClInclude Include="..\..\..\src\dear_imgui\imconfig.h">
      <Filter>dear_imgui</Filter>
    </ClInclude>
    <ClInclude Include="..\..\..\src\dear_imgui\imgui.h">
      <Filter>dear_imgui</Filter>
    </ClInclude>
    <ClInclude Include="..\..\..\src\dear_imgui\imgui_internal.h">
      <Filter>dear_imgui</Filter>
    </ClInclude>
    <ClInclude Include="..\..\..\src\dear_imgui\imstb_rectpack.h">
      <Filter>dear_imgui</Filter>
    </ClInclude>
    <ClInclude Include="..\..\..\src\dear_imgui\imstb_textedit.h">
      <Filter>dear_imgui</Filter>
    </ClInclude>
    <ClInclude Include="..\..\..\src\dear_imgui\imstb_truetype.h">
      <Filter>dear_imgui</Filter>
    </ClInclude>
    <ClInclude Include="..\..\..\src\imgui\dear_imgui.hpp">
      <Filter>dear_imgui</Filter>
    </ClInclude>
    <ClInclude Include="..\..\..\src\imgui\imgui_impl_glfw.h">
      <Filter>dear_imgui</Filter>
    </ClInclude>
    <ClInclude Include="..\..\..\src\imgui\imgui_impl_vulkan.h">
      <Filter>dear_imgui</Filter>
    </ClInclude>
    <ClInclude Include="..\..\..\src\kisslib\allocator.hpp">
      <Filter>kisslib</Filter>
    </ClInclude>
    <ClInclude Include="..\..\..\src\kisslib\animation.hpp">
      <Filter>kisslib</Filter>
    </ClInclude>
    <ClInclude Include="..\..\..\src\kisslib\bit_twiddling.hpp">
      <Filter>kisslib</Filter>
    </ClInclude>
    <ClInclude Include="..\..\..\src\kisslib\circular_buffer.hpp">
      <Filter>kisslib</Filter>
    </ClInclude>
    <ClInclude Include="..\..\..\src\kisslib\clean_windows_h.hpp">
      <Filter>kisslib</Filter>
    </ClInclude>
    <ClInclude Include="..\..\..\src\kisslib\collision.hpp">
      <Filter>kisslib</Filter>
    </ClInclude>
    <ClInclude Include="..\..\..\src\kisslib\file_io.hpp">
      <Filter>kisslib</Filter>
    </ClInclude>
    <ClInclude Include="..\..\..\src\kisslib\geometry.hpp">
      <Filter>kisslib</Filter>
    </ClInclude>
    <ClInclude Include="..\..\..\src\kisslib\kissmath.hpp">
      <Filter>kisslib</Filter>
    </ClInclude>
    <ClInclude Include="..\..\..\src\kisslib\kissmath_colors.hpp">
      <Filter>kisslib</Filter>
    </ClInclude>
    <ClInclude Include="..\..\..\src\kisslib\macros.hpp">
      <Filter>kisslib</Filter>
    </ClInclude>
    <ClInclude Include="..\..\..\src\kisslib\random.hpp">
      <Filter>kisslib</Filter>
    </ClInclude>
    <ClInclude Include="..\..\..\src\kisslib\read_directory.hpp">
      <Filter>kisslib</Filter>
    </ClInclude>
    <ClInclude Include="..\..\..\src\kisslib\running_average.hpp">
      <Filter>kisslib</Filter>
    </ClInclude>
    <ClInclude Include="..\..\..\src\kisslib\serialization.hpp">
      <Filter>kisslib</Filter>
    </ClInclude>
    <ClInclude Include="..\..\..\src\kisslib\stb_image.hpp">
      <Filter>kisslib</Filter>
    </ClInclude>
    <ClInclude Include="..\..\..\src\kisslib\stb_image_write.hpp">
      <Filter>kisslib</Filter>
    </ClInclude>
    <ClInclude Include="..\..\..\src\kisslib\stb_rect_pack.hpp">
      <Filter>kisslib</Filter>
    </ClInclude>
    <ClInclude Include="..\..\..\src\kisslib\stl_extensions.hpp">
      <Filter>kisslib</Filter>
    </ClInclude>
    <ClInclude Include="..\..\..\src\kisslib\string.hpp">
      <Filter>kisslib</Filter>
    </ClInclude>
    <ClInclude Include="..\..\..\src\kisslib\threadpool.hpp">
      <Filter>kisslib</Filter>
    </ClInclude>
    <ClInclude Include="..\..\..\src\kisslib\threadsafe_queue.hpp">
      <Filter>kisslib</Filter>
    </ClInclude>
    <ClInclude Include="..\..\..\src\kisslib\timer.hpp">
      <Filter>kisslib</Filter>
    </ClInclude>
    <ClInclude Include="..\..\..\src\engine\camera.hpp">
      <Filter>engine</Filter>
    </ClInclude>
    <ClInclude Include="..\..\..\src\engine\input.hpp">
      <Filter>engine</Filter>
    </ClInclude>
    <ClInclude Include="..\..\..\src\engine\window.hpp">
      <Filter>engine</Filter>
    </ClInclude>
    <ClInclude Include="..\..\..\src\common.hpp">
      <Filter>engine</Filter>
    </ClInclude>
    <ClInclude Include="..\..\..\src\game.hpp">
      <Filter>game</Filter>
    </ClInclude>
    <ClInclude Include="..\..\..\src\player.hpp">
      <Filter>game</Filter>
    </ClInclude>
    <ClInclude Include="..\..\..\src\world.hpp">
      <Filter>game</Filter>
    </ClInclude>
    <ClInclude Include="..\..\..\src\audio\audio.hpp">
      <Filter>audio</Filter>
    </ClInclude>
    <ClInclude Include="..\..\..\src\audio\read_wav.hpp">
      <Filter>audio</Filter>
    </ClInclude>
    <ClInclude Include="..\..\..\src\block_update.hpp">
      <Filter>game</Filter>
    </ClInclude>
    <ClInclude Include="..\..\..\src\blocks.hpp">
      <Filter>game</Filter>
    </ClInclude>
    <ClInclude Include="..\..\..\src\chunk_mesher.hpp">
      <Filter>game</Filter>
    </ClInclude>
    <ClInclude Include="..\..\..\src\chunks.hpp">
      <Filter>game</Filter>
    </ClInclude>
    <ClInclude Include="..\..\..\src\items.hpp">
      <Filter>game</Filter>
    </ClInclude>
    <ClInclude Include="..\..\..\src\physics.hpp">
      <Filter>game</Filter>
    </ClInclude>
    <ClInclude Include="..\..\..\src\world_generator.hpp">
      <Filter>game</Filter>
    </ClInclude>
    <ClInclude Include="..\..\..\src\open_simplex_noise\open_simplex_noise.hpp">
      <Filter>open_simplex_noise</Filter>
    </ClInclude>
    <ClInclude Include="..\..\..\src\vulkan\vulkan_renderer.hpp">
      <Filter>vulkan</Filter>
    </ClInclude>
    <ClInclude Include="..\..\..\src\engine\input_buttons.hpp">
      <Filter>engine</Filter>
    </ClInclude>
    <ClInclude Include="..\..\..\src\engine\threading.hpp">
      <Filter>engine</Filter>
    </ClInclude>
    <ClInclude Include="..\..\..\src\kisslib\tracy\Tracy.hpp">
      <Filter>kisslib\tracy</Filter>
    </ClInclude>
    <ClInclude Include="..\..\..\src\kisslib\tracy\TracyC.h">
      <Filter>kisslib\tracy</Filter>
    </ClInclude>
    <ClInclude Include="..\..\..\src\kisslib\tracy\TracyVulkan.hpp">
      <Filter>kisslib\tracy</Filter>
    </ClInclude>
    <ClInclude Include="..\..\..\src\vulkan\chunk_renderer.hpp">
      <Filter>vulkan</Filter>
    </ClInclude>
    <ClInclude Include="..\..\..\src\kisslib\image.hpp">
      <Filter>kisslib</Filter>
    </ClInclude>
    <ClInclude Include="..\..\..\src\vulkan\vulkan_window.hpp">
      <Filter>vulkan</Filter>
    </ClInclude>
    <ClInclude Include="..\..\..\src\vulkan\vulkan_debug_drawer.hpp">
      <Filter>vulkan</Filter>
    </ClInclude>
    <ClInclude Include="..\..\..\src\vulkan\vulkan_staging.hpp">
      <Filter>vulkan</Filter>
    </ClInclude>
    <ClInclude Include="..\..\..\src\vulkan\vulkan_screenshot.hpp">
      <Filter>vulkan</Filter>
    </ClInclude>
    <ClInclude Include="..\..\..\src\renderer.hpp">
      <Filter>game</Filter>
    </ClInclude>
    <ClInclude Include="..\..\..\src\assets.hpp">
      <Filter>game</Filter>
    </ClInclude>
    <ClInclude Include="..\..\..\src\opengl\glad\glad.h">
      <Filter>opengl\glad</Filter>
    </ClInclude>
    <ClInclude Include="..\..\..\src\opengl\glad\glad_wgl.h">
      <Filter>opengl\glad</Filter>
    </ClInclude>
    <ClInclude Include="..\..\..\src\opengl\glad\khrplatform.h">
      <Filter>opengl\glad</Filter>
    </ClInclude>
    <ClInclude Include="..\..\..\src\kisslib\tracy\TracyOpenGL.hpp">
      <Filter>kisslib\tracy</Filter>
    </ClInclude>
    <ClInclude Include="..\..\..\src\opengl\opengl_renderer.hpp">
      <Filter>opengl</Filter>
    </ClInclude>
    <ClInclude Include="..\..\..\src\imgui\imgui_impl_opengl3.h">
      <Filter>dear_imgui</Filter>
    </ClInclude>
  </ItemGroup>
  <ItemGroup>
    <ClCompile Include="..\..\..\src\dear_imgui\imgui.cpp">
      <Filter>dear_imgui</Filter>
    </ClCompile>
    <ClCompile Include="..\..\..\src\dear_imgui\imgui_demo.cpp">
      <Filter>dear_imgui</Filter>
    </ClCompile>
    <ClCompile Include="..\..\..\src\dear_imgui\imgui_draw.cpp">
      <Filter>dear_imgui</Filter>
    </ClCompile>
    <ClCompile Include="..\..\..\src\dear_imgui\imgui_widgets.cpp">
      <Filter>dear_imgui</Filter>
    </ClCompile>
    <ClCompile Include="..\..\..\src\imgui\dear_imgui.cpp">
      <Filter>dear_imgui</Filter>
    </ClCompile>
    <ClCompile Include="..\..\..\src\imgui\imgui_impl_glfw.cpp">
      <Filter>dear_imgui</Filter>
    </ClCompile>
    <ClCompile Include="..\..\..\src\imgui\imgui_impl_vulkan.cpp">
      <Filter>dear_imgui</Filter>
    </ClCompile>
    <ClCompile Include="..\..\..\src\kisslib\allocator.cpp">
      <Filter>kisslib</Filter>
    </ClCompile>
    <ClCompile Include="..\..\..\src\kisslib\collision.cpp">
      <Filter>kisslib</Filter>
    </ClCompile>
    <ClCompile Include="..\..\..\src\kisslib\file_io.cpp">
      <Filter>kisslib</Filter>
    </ClCompile>
    <ClCompile Include="..\..\..\src\kisslib\random.cpp">
      <Filter>kisslib</Filter>
    </ClCompile>
    <ClCompile Include="..\..\..\src\kisslib\read_directory.cpp">
      <Filter>kisslib</Filter>
    </ClCompile>
    <ClCompile Include="..\..\..\src\kisslib\stb_image.cpp">
      <Filter>kisslib</Filter>
    </ClCompile>
    <ClCompile Include="..\..\..\src\kisslib\stb_image_write.cpp">
      <Filter>kisslib</Filter>
    </ClCompile>
    <ClCompile Include="..\..\..\src\kisslib\stb_rect_pack.cpp">
      <Filter>kisslib</Filter>
    </ClCompile>
    <ClCompile Include="..\..\..\src\kisslib\string.cpp">
      <Filter>kisslib</Filter>
    </ClCompile>
    <ClCompile Include="..\..\..\src\kisslib\threadpool.cpp">
      <Filter>kisslib</Filter>
    </ClCompile>
    <ClCompile Include="..\..\..\src\kisslib\timer.cpp">
      <Filter>kisslib</Filter>
    </ClCompile>
    <ClCompile Include="..\..\..\src\engine\camera.cpp">
      <Filter>engine</Filter>
    </ClCompile>
    <ClCompile Include="..\..\..\src\engine\input.cpp">
      <Filter>engine</Filter>
    </ClCompile>
    <ClCompile Include="..\..\..\src\engine\window.cpp">
      <Filter>engine</Filter>
    </ClCompile>
    <ClCompile Include="..\..\..\src\game.cpp">
      <Filter>game</Filter>
    </ClCompile>
    <ClCompile Include="..\..\..\src\player.cpp">
      <Filter>game</Filter>
    </ClCompile>
    <ClCompile Include="..\..\..\src\world.cpp">
      <Filter>game</Filter>
    </ClCompile>
    <ClCompile Include="..\..\..\src\audio\audio.cpp">
      <Filter>audio</Filter>
    </ClCompile>
    <ClCompile Include="..\..\..\src\audio\read_wav.cpp">
      <Filter>audio</Filter>
    </ClCompile>
    <ClCompile Include="..\..\..\src\block_update.cpp">
      <Filter>game</Filter>
    </ClCompile>
    <ClCompile Include="..\..\..\src\chunk_mesher.cpp">
      <Filter>game</Filter>
    </ClCompile>
    <ClCompile Include="..\..\..\src\chunks.cpp">
      <Filter>game</Filter>
    </ClCompile>
    <ClCompile Include="..\..\..\src\physics.cpp">
      <Filter>game</Filter>
    </ClCompile>
    <ClCompile Include="..\..\..\src\world_generator.cpp">
      <Filter>game</Filter>
    </ClCompile>
    <ClCompile Include="..\..\..\src\open_simplex_noise\open_simplex_noise.cpp">
      <Filter>open_simplex_noise</Filter>
    </ClCompile>
    <ClCompile Include="..\..\..\src\common.cpp">
      <Filter>engine</Filter>
    </ClCompile>
    <ClCompile Include="..\..\..\src\kisslib\tracy\TracyClient.cpp">
      <Filter>kisslib\tracy</Filter>
    </ClCompile>
    <ClCompile Include="..\..\..\src\vulkan\vulkan_renderer.cpp">
      <Filter>vulkan</Filter>
    </ClCompile>
    <ClCompile Include="..\..\..\src\vulkan\vulkan_helper.cpp">
      <Filter>vulkan</Filter>
    </ClCompile>
    <ClCompile Include="..\..\..\src\vulkan\chunk_renderer.cpp">
      <Filter>vulkan</Filter>
    </ClCompile>
    <ClCompile Include="..\..\..\src\vulkan\vulkan_window.cpp">
      <Filter>vulkan</Filter>
    </ClCompile>
    <ClCompile Include="..\..\..\src\renderer.cpp">
      <Filter>game</Filter>
    </ClCompile>
    <ClCompile Include="..\..\..\src\assets.cpp">
      <Filter>game</Filter>
    </ClCompile>
    <ClCompile Include="..\..\..\src\opengl\glad\glad.c">
      <Filter>opengl\glad</Filter>
    </ClCompile>
    <ClCompile Include="..\..\..\src\opengl\glad\glad_wgl.c">
      <Filter>opengl\glad</Filter>
    </ClCompile>
    <ClCompile Include="..\..\..\src\opengl\opengl_renderer.cpp">
      <Filter>opengl</Filter>
    </ClCompile>
    <ClCompile Include="..\..\..\src\imgui\imgui_impl_opengl3.cpp">
      <Filter>dear_imgui</Filter>
    </ClCompile>
  </ItemGroup>
  <ItemGroup>
    <Filter Include="kisslib">
      <UniqueIdentifier>{16630d71-4fea-43b9-8450-285076d7753e}</UniqueIdentifier>
    </Filter>
    <Filter Include="dear_imgui">
      <UniqueIdentifier>{e628587c-5b14-4171-9f6a-aa30bd077d16}</UniqueIdentifier>
    </Filter>
    <Filter Include="shaders">
      <UniqueIdentifier>{960f946d-0205-46ec-a8de-4db684b5c0de}</UniqueIdentifier>
    </Filter>
    <Filter Include="kisslib\kissmath">
      <UniqueIdentifier>{56090962-0d1d-4389-97f8-e82e14f8a451}</UniqueIdentifier>
    </Filter>
    <Filter Include="engine">
      <UniqueIdentifier>{52b02602-bc2a-48bd-a8c9-c5491eb6e294}</UniqueIdentifier>
    </Filter>
    <Filter Include="game">
      <UniqueIdentifier>{e6ce697e-71c7-44aa-a60f-38bead700f5d}</UniqueIdentifier>
    </Filter>
    <Filter Include="audio">
      <UniqueIdentifier>{f3fb4c90-771a-4044-91de-e92f2e66c552}</UniqueIdentifier>
    </Filter>
    <Filter Include="vulkan">
      <UniqueIdentifier>{42211c88-d97f-4c77-a981-ba3ded91fc00}</UniqueIdentifier>
    </Filter>
    <Filter Include="open_simplex_noise">
      <UniqueIdentifier>{8d450617-2b10-4cf0-a1af-fddbb74dfb4c}</UniqueIdentifier>
    </Filter>
    <Filter Include="kisslib\tracy">
      <UniqueIdentifier>{a672effb-40fc-4f0f-9862-ca77221319c5}</UniqueIdentifier>
    </Filter>
    <Filter Include="shaders\vk">
      <UniqueIdentifier>{f07e8f49-eac4-40db-8a91-be3bbfa63736}</UniqueIdentifier>
    </Filter>
    <Filter Include="shaders\gl">
      <UniqueIdentifier>{aa3b83e7-5d21-4f93-999e-2b38f6c3972a}</UniqueIdentifier>
    </Filter>
    <Filter Include="opengl">
      <UniqueIdentifier>{516eadd6-cb16-45fd-b546-0ab0b0fd4670}</UniqueIdentifier>
    </Filter>
    <Filter Include="opengl\glad">
      <UniqueIdentifier>{549d7535-531e-40de-9ffe-4bf1f67dcc2a}</UniqueIdentifier>
    </Filter>
  </ItemGroup>
  <ItemGroup>
    <None Include="..\..\..\shaders.json" />
    <None Include="..\..\..\blocks.json" />
  </ItemGroup>
</Project>