<?xml version="1.0" encoding="utf-8"?>
<Project ToolsVersion="4.0" xmlns="http://schemas.microsoft.com/developer/msbuild/2003">
  <ItemGroup>
    <ClCompile Include="..\..\..\src\common.cpp">
      <Filter>game</Filter>
    </ClCompile>
    <ClCompile Include="..\..\..\src\game.cpp">
      <Filter>game</Filter>
    </ClCompile>
    <ClCompile Include="..\..\..\src\world_generator.cpp">
      <Filter>game\systems</Filter>
    </ClCompile>
    <ClCompile Include="..\..\..\src\player.cpp">
      <Filter>game\gameplay</Filter>
    </ClCompile>
    <ClCompile Include="..\..\..\src\chunks.cpp">
      <Filter>game\systems</Filter>
    </ClCompile>
    <ClCompile Include="..\..\..\src\chunk_mesher.cpp">
      <Filter>game\systems</Filter>
    </ClCompile>
    <ClCompile Include="..\..\..\src\assets.cpp">
      <Filter>game\systems</Filter>
    </ClCompile>
    <ClCompile Include="..\..\..\src\opengl\gl_chunk_renderer.cpp">
      <Filter>opengl</Filter>
    </ClCompile>
    <ClCompile Include="..\..\..\src\opengl\gl_raytracer.cpp">
      <Filter>opengl</Filter>
    </ClCompile>
    <ClCompile Include="..\..\..\src\opengl\opengl_renderer.cpp">
      <Filter>opengl</Filter>
    </ClCompile>
    <ClCompile Include="..\..\..\src\opengl\radiance_cascades.cpp">
      <Filter>opengl</Filter>
    </ClCompile>
    <ClCompile Include="..\..\..\src\opengl\gl_dbg_draw.cpp">
      <Filter>opengl\engine</Filter>
    </ClCompile>
    <ClCompile Include="..\..\..\src\engine\audio.cpp">
      <Filter>engine</Filter>
    </ClCompile>
    <ClCompile Include="..\..\..\src\engine\debug_draw.cpp">
      <Filter>engine</Filter>
    </ClCompile>
    <ClCompile Include="..\..\..\src\engine\renderer.cpp">
      <Filter>engine</Filter>
    </ClCompile>
    <ClCompile Include="..\..\..\src\engine\kisslib\allocator.cpp">
      <Filter>engine\kisslib</Filter>
    </ClCompile>
    <ClCompile Include="..\..\..\src\engine\kisslib\collision.cpp">
      <Filter>engine\kisslib</Filter>
    </ClCompile>
    <ClCompile Include="..\..\..\src\engine\kisslib\file_io.cpp">
      <Filter>engine\kisslib</Filter>
    </ClCompile>
    <ClCompile Include="..\..\..\src\engine\kisslib\random.cpp">
      <Filter>engine\kisslib</Filter>
    </ClCompile>
    <ClCompile Include="..\..\..\src\engine\kisslib\read_directory.cpp">
      <Filter>engine\kisslib</Filter>
    </ClCompile>
    <ClCompile Include="..\..\..\src\engine\kisslib\string.cpp">
      <Filter>engine\kisslib</Filter>
    </ClCompile>
    <ClCompile Include="..\..\..\src\engine\kisslib\threadpool.cpp">
      <Filter>engine\kisslib</Filter>
    </ClCompile>
    <ClCompile Include="..\..\..\src\engine\kisslib\timer.cpp">
      <Filter>engine\kisslib</Filter>
    </ClCompile>
    <ClCompile Include="..\..\..\src\engine\imgui\imgui_impl_glfw.cpp">
      <Filter>engine\imgui</Filter>
    </ClCompile>
    <ClCompile Include="..\..\..\src\engine\imgui\imgui_impl_opengl3.cpp">
      <Filter>engine\imgui</Filter>
    </ClCompile>
    <ClCompile Include="..\..\..\..\libs\dear_imgui\imgui.cpp">
      <Filter>engine\imgui</Filter>
    </ClCompile>
    <ClCompile Include="..\..\..\..\libs\dear_imgui\imgui_demo.cpp">
      <Filter>engine\imgui</Filter>
    </ClCompile>
    <ClCompile Include="..\..\..\..\libs\dear_imgui\imgui_draw.cpp">
      <Filter>engine\imgui</Filter>
    </ClCompile>
    <ClCompile Include="..\..\..\..\libs\dear_imgui\imgui_tables.cpp">
      <Filter>engine\imgui</Filter>
    </ClCompile>
    <ClCompile Include="..\..\..\..\libs\dear_imgui\imgui_widgets.cpp">
      <Filter>engine\imgui</Filter>
    </ClCompile>
    <ClCompile Include="..\..\..\src\engine\engine.cpp">
      <Filter>engine</Filter>
    </ClCompile>
    <ClCompile Include="..\..\..\src\engine\imgui\dear_imgui.cpp">
      <Filter>engine</Filter>
    </ClCompile>
    <ClCompile Include="..\..\..\src\opengl\glad\glad.c">
      <Filter>opengl\engine</Filter>
    </ClCompile>
    <ClCompile Include="..\..\..\src\opengl\glad\glad_wgl.c">
      <Filter>opengl\engine</Filter>
    </ClCompile>
    <ClCompile Include="..\..\..\..\libs\dear_imgui\misc\cpp\imgui_stdlib.cpp">
      <Filter>engine\imgui</Filter>
    </ClCompile>
    <ClCompile Include="..\..\..\src\engine\kisslib\stb_image.cpp">
      <Filter>engine\kisslib\stb</Filter>
    </ClCompile>
    <ClCompile Include="..\..\..\src\engine\kisslib\stb_image_write.cpp">
      <Filter>engine\kisslib\stb</Filter>
    </ClCompile>
    <ClCompile Include="..\..\..\src\engine\kisslib\stb_rect_pack.cpp">
      <Filter>engine\kisslib\stb</Filter>
    </ClCompile>
    <ClCompile Include="..\..\..\src\engine\kisslib\smhasher\MurmurHash1.cpp">
      <Filter>engine\misc</Filter>
    </ClCompile>
    <ClCompile Include="..\..\..\src\engine\kisslib\smhasher\MurmurHash2.cpp">
      <Filter>engine\misc</Filter>
    </ClCompile>
    <ClCompile Include="..\..\..\src\engine\kisslib\smhasher\MurmurHash3.cpp">
      <Filter>engine\misc</Filter>
    </ClCompile>
    <ClCompile Include="..\..\..\src\engine\open_simplex_noise\open_simplex_noise.cpp">
      <Filter>engine\misc</Filter>
    </ClCompile>
    <ClCompile Include="..\..\..\..\libs\tracy\public\TracyClient.cpp">
      <Filter>engine\tracy</Filter>
    </ClCompile>
  </ItemGroup>
  <ItemGroup>
    <ClInclude Include="..\..\..\src\common.hpp">
      <Filter>game</Filter>
    </ClInclude>
    <ClInclude Include="..\..\..\src\game.hpp">
      <Filter>game</Filter>
    </ClInclude>
    <ClInclude Include="..\..\..\src\inventory.hpp">
      <Filter>game\gameplay</Filter>
    </ClInclude>
    <ClInclude Include="..\..\..\src\items.hpp">
      <Filter>game\gameplay</Filter>
    </ClInclude>
    <ClInclude Include="..\..\..\src\world_generator.hpp">
      <Filter>game\systems</Filter>
    </ClInclude>
    <ClInclude Include="..\..\..\src\player.hpp">
      <Filter>game\gameplay</Filter>
    </ClInclude>
    <ClInclude Include="..\..\..\src\physics.hpp">
      <Filter>game\systems</Filter>
    </ClInclude>
    <ClInclude Include="..\..\..\src\chunks.hpp">
      <Filter>game\systems</Filter>
    </ClInclude>
    <ClInclude Include="..\..\..\src\chunk_mesher.hpp">
      <Filter>game\systems</Filter>
    </ClInclude>
    <ClInclude Include="..\..\..\src\blocks.hpp">
      <Filter>game\gameplay</Filter>
    </ClInclude>
    <ClInclude Include="..\..\..\src\block_update.hpp">
      <Filter>game\gameplay</Filter>
    </ClInclude>
    <ClInclude Include="..\..\..\src\block_interaction.hpp">
      <Filter>game\gameplay</Filter>
    </ClInclude>
    <ClInclude Include="..\..\..\src\assets.hpp">
      <Filter>game\systems</Filter>
    </ClInclude>
    <ClInclude Include="..\..\..\src\opengl\gl_chunk_renderer.hpp">
      <Filter>opengl</Filter>
    </ClInclude>
    <ClInclude Include="..\..\..\src\opengl\gl_raytracer.hpp">
      <Filter>opengl</Filter>
    </ClInclude>
    <ClInclude Include="..\..\..\src\opengl\opengl_renderer.hpp">
      <Filter>opengl</Filter>
    </ClInclude>
    <ClInclude Include="..\..\..\src\opengl\radiance_cascades.hpp">
      <Filter>opengl</Filter>
    </ClInclude>
    <ClInclude Include="..\..\..\src\opengl\shader_preprocessor.hpp">
      <Filter>opengl\engine</Filter>
    </ClInclude>
    <ClInclude Include="..\..\..\src\opengl\opengl_shaders.hpp">
      <Filter>opengl\engine</Filter>
    </ClInclude>
    <ClInclude Include="..\..\..\src\opengl\opengl_helper.hpp">
      <Filter>opengl\engine</Filter>
    </ClInclude>
    <ClInclude Include="..\..\..\src\opengl\gl_dbg_draw.hpp">
      <Filter>opengl\engine</Filter>
    </ClInclude>
    <ClInclude Include="..\..\..\src\engine\audio.hpp">
      <Filter>engine</Filter>
    </ClInclude>
    <ClInclude Include="..\..\..\src\engine\camera.hpp">
      <Filter>engine</Filter>
    </ClInclude>
    <ClInclude Include="..\..\..\src\engine\debug_draw.hpp">
      <Filter>engine</Filter>
    </ClInclude>
    <ClInclude Include="..\..\..\src\engine\input.hpp">
      <Filter>engine</Filter>
    </ClInclude>
    <ClInclude Include="..\..\..\src\engine\renderer.hpp">
      <Filter>engine</Filter>
    </ClInclude>
    <ClInclude Include="..\..\..\src\engine\threading.hpp">
      <Filter>engine</Filter>
    </ClInclude>
    <ClInclude Include="..\..\..\src\engine\kisslib\allocator.hpp">
      <Filter>engine\kisslib</Filter>
    </ClInclude>
    <ClInclude Include="..\..\..\src\engine\kisslib\animation.hpp">
      <Filter>engine\kisslib</Filter>
    </ClInclude>
    <ClInclude Include="..\..\..\src\engine\kisslib\clean_windows_h.hpp">
      <Filter>engine\kisslib</Filter>
    </ClInclude>
    <ClInclude Include="..\..\..\src\engine\kisslib\collision.hpp">
      <Filter>engine\kisslib</Filter>
    </ClInclude>
    <ClInclude Include="..\..\..\src\engine\kisslib\file_io.hpp">
      <Filter>engine\kisslib</Filter>
    </ClInclude>
    <ClInclude Include="..\..\..\src\engine\kisslib\kissmath.hpp">
      <Filter>engine\kisslib</Filter>
    </ClInclude>
    <ClInclude Include="..\..\..\src\engine\kisslib\kissmath_colors.hpp">
      <Filter>engine\kisslib</Filter>
    </ClInclude>
    <ClInclude Include="..\..\..\src\engine\kisslib\macros.hpp">
      <Filter>engine\kisslib</Filter>
    </ClInclude>
    <ClInclude Include="..\..\..\src\engine\kisslib\profiling.hpp">
      <Filter>engine\kisslib</Filter>
    </ClInclude>
    <ClInclude Include="..\..\..\src\engine\kisslib\random.hpp">
      <Filter>engine\kisslib</Filter>
    </ClInclude>
    <ClInclude Include="..\..\..\src\engine\kisslib\read_directory.hpp">
      <Filter>engine\kisslib</Filter>
    </ClInclude>
    <ClInclude Include="..\..\..\src\engine\kisslib\serialization.hpp">
      <Filter>engine\kisslib</Filter>
    </ClInclude>
    <ClInclude Include="..\..\..\src\engine\kisslib\string.hpp">
      <Filter>engine\kisslib</Filter>
    </ClInclude>
    <ClInclude Include="..\..\..\src\engine\kisslib\threadpool.hpp">
      <Filter>engine\kisslib</Filter>
    </ClInclude>
    <ClInclude Include="..\..\..\src\engine\kisslib\threadsafe_queue.hpp">
      <Filter>engine\kisslib</Filter>
    </ClInclude>
    <ClInclude Include="..\..\..\src\engine\kisslib\timer.hpp">
      <Filter>engine\kisslib</Filter>
    </ClInclude>
    <ClInclude Include="..\..\..\src\engine\imgui\dear_imgui.hpp">
      <Filter>engine\imgui</Filter>
    </ClInclude>
    <ClInclude Include="..\..\..\src\engine\imgui\imconfig.hpp">
      <Filter>engine\imgui</Filter>
    </ClInclude>
    <ClInclude Include="..\..\..\src\engine\imgui\imgui_impl_glfw.h">
      <Filter>engine\imgui</Filter>
    </ClInclude>
    <ClInclude Include="..\..\..\src\engine\imgui\imgui_impl_opengl3.h">
      <Filter>engine\imgui</Filter>
    </ClInclude>
    <ClInclude Include="..\..\..\src\engine\engine.hpp">
      <Filter>engine</Filter>
    </ClInclude>
    <ClInclude Include="..\..\..\src\engine\kisslib\smhasher\MurmurHash1.h">
      <Filter>engine\misc</Filter>
    </ClInclude>
    <ClInclude Include="..\..\..\src\engine\kisslib\smhasher\MurmurHash2.h">
      <Filter>engine\misc</Filter>
    </ClInclude>
    <ClInclude Include="..\..\..\src\engine\kisslib\smhasher\MurmurHash3.h">
      <Filter>engine\misc</Filter>
    </ClInclude>
    <ClInclude Include="..\..\..\src\engine\kisslib\ankerl\unordered_dense.h">
      <Filter>engine\misc</Filter>
    </ClInclude>
    <ClInclude Include="..\..\..\src\engine\open_simplex_noise\open_simplex_noise.hpp">
      <Filter>engine\misc</Filter>
    </ClInclude>
    <ClInclude Include="..\..\..\..\libs\tracy\public\tracy\Tracy.hpp">
      <Filter>engine\tracy</Filter>
    </ClInclude>
    <ClInclude Include="..\..\..\src\engine\imgui\curve_edit.hpp">
      <Filter>engine\imgui</Filter>
    </ClInclude>
  </ItemGroup>
  <ItemGroup>
    <Filter Include="game">
      <UniqueIdentifier>{fde9bbd5-81c3-44da-baa1-9e4c28630f5d}</UniqueIdentifier>
    </Filter>
    <Filter Include="game\systems">
      <UniqueIdentifier>{48ce6e35-f210-4d0a-9792-5158e8fa720a}</UniqueIdentifier>
    </Filter>
    <Filter Include="game\gameplay">
      <UniqueIdentifier>{3f98d8a7-2c8a-4ce2-8037-2a9cbd9c999b}</UniqueIdentifier>
    </Filter>
    <Filter Include="opengl">
      <UniqueIdentifier>{7782188b-c842-4553-b0ee-caaf533f569e}</UniqueIdentifier>
    </Filter>
    <Filter Include="opengl\engine">
      <UniqueIdentifier>{efb1a822-d249-4f04-8cee-09487ff4b203}</UniqueIdentifier>
    </Filter>
    <Filter Include="engine">
      <UniqueIdentifier>{e58fc750-40a2-4e06-ac79-a002fc32ae30}</UniqueIdentifier>
    </Filter>
    <Filter Include="engine\kisslib">
      <UniqueIdentifier>{06a9b4ca-0068-4f2c-840b-bbc62ffe3207}</UniqueIdentifier>
    </Filter>
    <Filter Include="engine\imgui">
      <UniqueIdentifier>{4d93f2c7-5aa8-4a1c-bab3-98eaa9d28698}</UniqueIdentifier>
    </Filter>
    <Filter Include="engine\tracy">
      <UniqueIdentifier>{190e8093-fa00-4957-9eb7-d710869cc633}</UniqueIdentifier>
    </Filter>
    <Filter Include="engine\kisslib\stb">
      <UniqueIdentifier>{5d34e5e6-2319-4bda-84ac-3906bbc10498}</UniqueIdentifier>
    </Filter>
    <Filter Include="engine\misc">
      <UniqueIdentifier>{8871086c-9fe2-427f-b24f-fefe4e0d339d}</UniqueIdentifier>
    </Filter>
  </ItemGroup>
</Project>