
Microsoft Visual Studio Solution File, Format Version 12.00
# Visual Studio Version 16
VisualStudioVersion = 16.0.29613.14
MinimumVisualStudioVersion = 10.0.40219.1
Project("{8BC9CEB8-8B4A-11D0-8D11-00A0C91BC942}") = "voxel_game", "voxel_game\voxel_game.vcxproj", "{D216EA19-A9F5-46B3-A40A-7235E94160CF}"
EndProject
Global
	GlobalSection(SolutionConfigurationPlatforms) = preSolution
		Debug|x64 = Debug|x64
		Debug|x86 = Debug|x86
		Optimized|x64 = Optimized|x64
		Optimized|x86 = Optimized|x86
		OptimizedTracy|x64 = OptimizedTracy|x64
		OptimizedTracy|x86 = OptimizedTracy|x86
		Release|x64 = Release|x64
		Release|x86 = Release|x86
	EndGlobalSection
	GlobalSection(ProjectConfigurationPlatforms) = postSolution
		{D216EA19-A9F5-46B3-A40A-7235E94160CF}.Debug|x64.ActiveCfg = Debug|x64
		{D216EA19-A9F5-46B3-A40A-7235E94160CF}.Debug|x64.Build.0 = Debug|x64
		{D216EA19-A9F5-46B3-A40A-7235E94160CF}.Debug|x86.ActiveCfg = Debug|x64
		{D216EA19-A9F5-46B3-A40A-7235E94160CF}.Optimized|x64.ActiveCfg = Release|x64
		{D216EA19-A9F5-46B3-A40A-7235E94160CF}.Optimized|x64.Build.0 = Release|x64
		{D216EA19-A9F5-46B3-A40A-7235E94160CF}.Optimized|x86.ActiveCfg = OptimizedTracy|x64
		{D216EA19-A9F5-46B3-A40A-7235E94160CF}.Optimized|x86.Build.0 = OptimizedTracy|x64
		{D216EA19-A9F5-46B3-A40A-7235E94160CF}.OptimizedTracy|x64.ActiveCfg = OptimizedTracy|x64
		{D216EA19-A9F5-46B3-A40A-7235E94160CF}.OptimizedTracy|x64.Build.0 = OptimizedTracy|x64
		{D216EA19-A9F5-46B3-A40A-7235E94160CF}.OptimizedTracy|x86.ActiveCfg = OptimizedTracy|x64
		{D216EA19-A9F5-46B3-A40A-7235E94160CF}.Release|x64.ActiveCfg = Release|x64
		{D216EA19-A9F5-46B3-A40A-7235E94160CF}.Release|x64.Build.0 = Release|x64
		{D216EA19-A9F5-46B3-A40A-7235E94160CF}.Release|x86.ActiveCfg = Release|x64
	EndGlobalSection
	GlobalSection(SolutionProperties) = preSolution
		HideSolutionNode = FALSE
	EndGlobalSection
	GlobalSection(ExtensibilityGlobals) = postSolution
		SolutionGuid = {665D936D-A6EE-4DBB-81E3-1F203D5533F1}
	EndGlobalSection
EndGlobal
