<?xml version="1.0" encoding="utf-8"?>
<Project ToolsVersion="4.0" xmlns="http://schemas.microsoft.com/developer/msbuild/2003">
  <ItemGroup>
    <ClInclude Include="blocks.hpp" />
    <ClInclude Include="chunks.hpp" />
    <ClInclude Include="glad\glad.h">
      <Filter>glad</Filter>
    </ClInclude>
    <ClInclude Include="glad\khrplatform.h">
      <Filter>glad</Filter>
    </ClInclude>
    <ClInclude Include="stb\stb_image.h">
      <Filter>stb</Filter>
    </ClInclude>
    <ClInclude Include="open_simplex_noise\open_simplex_noise.hpp">
      <Filter>open_simplex_noise</Filter>
    </ClInclude>
    <ClInclude Include="dear_imgui\imgui_impl_glfw.h">
      <Filter>dear_imgui</Filter>
    </ClInclude>
    <ClInclude Include="dear_imgui\imgui_impl_opengl3.h">
      <Filter>dear_imgui</Filter>
    </ClInclude>
    <ClInclude Include="..\..\dear_imgui\imgui.h">
      <Filter>dear_imgui</Filter>
    </ClInclude>
    <ClInclude Include="..\..\dear_imgui\imgui_internal.h">
      <Filter>dear_imgui</Filter>
    </ClInclude>
    <ClInclude Include="..\..\dear_imgui\imstb_rectpack.h">
      <Filter>dear_imgui</Filter>
    </ClInclude>
    <ClInclude Include="..\..\dear_imgui\imstb_textedit.h">
      <Filter>dear_imgui</Filter>
    </ClInclude>
    <ClInclude Include="..\..\dear_imgui\imstb_truetype.h">
      <Filter>dear_imgui</Filter>
    </ClInclude>
    <ClInclude Include="kissmath\bool.hpp">
      <Filter>kissmath</Filter>
    </ClInclude>
    <ClInclude Include="kissmath\bool2.hpp">
      <Filter>kissmath</Filter>
    </ClInclude>
    <ClInclude Include="kissmath\bool3.hpp">
      <Filter>kissmath</Filter>
    </ClInclude>
    <ClInclude Include="kissmath\bool4.hpp">
      <Filter>kissmath</Filter>
    </ClInclude>
    <ClInclude Include="kissmath\float.hpp">
      <Filter>kissmath</Filter>
    </ClInclude>
    <ClInclude Include="kissmath\float2.hpp">
      <Filter>kissmath</Filter>
    </ClInclude>
    <ClInclude Include="kissmath\float2x2.hpp">
      <Filter>kissmath</Filter>
    </ClInclude>
    <ClInclude Include="kissmath\float3.hpp">
      <Filter>kissmath</Filter>
    </ClInclude>
    <ClInclude Include="kissmath\float3x3.hpp">
      <Filter>kissmath</Filter>
    </ClInclude>
    <ClInclude Include="kissmath\float3x4.hpp">
      <Filter>kissmath</Filter>
    </ClInclude>
    <ClInclude Include="kissmath\float4.hpp">
      <Filter>kissmath</Filter>
    </ClInclude>
    <ClInclude Include="kissmath\float4x4.hpp">
      <Filter>kissmath</Filter>
    </ClInclude>
    <ClInclude Include="kissmath\int.hpp">
      <Filter>kissmath</Filter>
    </ClInclude>
    <ClInclude Include="kissmath\int2.hpp">
      <Filter>kissmath</Filter>
    </ClInclude>
    <ClInclude Include="kissmath\int3.hpp">
      <Filter>kissmath</Filter>
    </ClInclude>
    <ClInclude Include="kissmath\int4.hpp">
      <Filter>kissmath</Filter>
    </ClInclude>
    <ClInclude Include="kissmath\transform2d.hpp">
      <Filter>kissmath</Filter>
    </ClInclude>
    <ClInclude Include="kissmath\transform3d.hpp">
      <Filter>kissmath</Filter>
    </ClInclude>
    <ClInclude Include="kissmath\uint8.hpp">
      <Filter>kissmath</Filter>
    </ClInclude>
    <ClInclude Include="kissmath\uint8v2.hpp">
      <Filter>kissmath</Filter>
    </ClInclude>
    <ClInclude Include="kissmath\uint8v3.hpp">
      <Filter>kissmath</Filter>
    </ClInclude>
    <ClInclude Include="kissmath\uint8v4.hpp">
      <Filter>kissmath</Filter>
    </ClInclude>
    <ClInclude Include="kissmath\int64.hpp">
      <Filter>kissmath</Filter>
    </ClInclude>
    <ClInclude Include="kissmath\int64v2.hpp">
      <Filter>kissmath</Filter>
    </ClInclude>
    <ClInclude Include="kissmath\int64v3.hpp">
      <Filter>kissmath</Filter>
    </ClInclude>
    <ClInclude Include="kissmath\int64v4.hpp">
      <Filter>kissmath</Filter>
    </ClInclude>
    <ClInclude Include="glfw_window.hpp" />
    <ClInclude Include="game.hpp" />
    <ClInclude Include="input.hpp" />
    <ClInclude Include="glad\glad_wgl.h">
      <Filter>glad</Filter>
    </ClInclude>
    <ClInclude Include="stb_image.hpp">
      <Filter>stb</Filter>
    </ClInclude>
    <ClInclude Include="dear_imgui.hpp">
      <Filter>dear_imgui</Filter>
    </ClInclude>
    <ClInclude Include="graphics\camera.hpp">
      <Filter>graphics</Filter>
    </ClInclude>
    <ClInclude Include="player.hpp" />
    <ClInclude Include="physics.hpp" />
    <ClInclude Include="graphics\glshader.hpp">
      <Filter>graphics</Filter>
    </ClInclude>
    <ClInclude Include="graphics\graphics.hpp">
      <Filter>graphics</Filter>
    </ClInclude>
    <ClInclude Include="graphics\debug_graphics.hpp">
      <Filter>graphics</Filter>
    </ClInclude>
    <ClInclude Include="graphics\gl.hpp">
      <Filter>graphics</Filter>
    </ClInclude>
    <ClInclude Include="graphics\common.hpp">
      <Filter>graphics</Filter>
    </ClInclude>
    <ClInclude Include="graphics\image.hpp">
      <Filter>graphics</Filter>
    </ClInclude>
    <ClInclude Include="graphics\texture.hpp">
      <Filter>graphics</Filter>
    </ClInclude>
    <ClInclude Include="util\file_io.hpp">
      <Filter>util</Filter>
    </ClInclude>
    <ClInclude Include="util\running_average.hpp">
      <Filter>util</Filter>
    </ClInclude>
    <ClInclude Include="util\string.hpp">
      <Filter>util</Filter>
    </ClInclude>
    <ClInclude Include="util\timer.hpp">
      <Filter>util</Filter>
    </ClInclude>
    <ClInclude Include="kissmath.hpp">
      <Filter>util</Filter>
    </ClInclude>
    <ClInclude Include="kissmath_colors.hpp">
      <Filter>util</Filter>
    </ClInclude>
    <ClInclude Include="util\collision.hpp">
      <Filter>util</Filter>
    </ClInclude>
    <ClInclude Include="world.hpp" />
    <ClInclude Include="util\random.hpp">
      <Filter>util</Filter>
    </ClInclude>
    <ClInclude Include="chunk_mesher.hpp" />
    <ClInclude Include="..\..\dear_imgui\misc\cpp\imgui_stdlib.h">
      <Filter>dear_imgui</Filter>
    </ClInclude>
    <ClInclude Include="world_generator.hpp" />
    <ClInclude Include="util\geometry.hpp">
      <Filter>util</Filter>
    </ClInclude>
    <ClInclude Include="block_update.hpp" />
    <ClInclude Include="util\move_only_class.hpp">
      <Filter>util</Filter>
    </ClInclude>
    <ClInclude Include="util\animation.hpp">
      <Filter>util</Filter>
    </ClInclude>
    <ClInclude Include="util\circular_buffer.hpp">
      <Filter>util</Filter>
    </ClInclude>
    <ClInclude Include="util\clean_windows_h.hpp">
      <Filter>util</Filter>
    </ClInclude>
    <ClInclude Include="..\..\dear_imgui\imconfig.h">
      <Filter>dear_imgui</Filter>
    </ClInclude>
    <ClInclude Include="audio\audio.hpp">
      <Filter>audio</Filter>
    </ClInclude>
    <ClInclude Include="graphics\shaders.hpp">
      <Filter>graphics</Filter>
    </ClInclude>
    <ClInclude Include="audio\read_wav.hpp">
      <Filter>audio</Filter>
    </ClInclude>
    <ClInclude Include="graphics\atlas.hpp">
      <Filter>graphics</Filter>
    </ClInclude>
    <ClInclude Include="stb\stb_rect_pack.h">
      <Filter>stb</Filter>
    </ClInclude>
    <ClInclude Include="stb_rect_pack.hpp">
      <Filter>stb</Filter>
    </ClInclude>
    <ClInclude Include="util\threadsafe_queue.hpp">
      <Filter>util</Filter>
    </ClInclude>
    <ClInclude Include="util\threadpool.hpp">
      <Filter>util</Filter>
    </ClInclude>
  </ItemGroup>
  <ItemGroup>
    <ClCompile Include="glad\glad.c">
      <Filter>glad</Filter>
    </ClCompile>
    <ClCompile Include="dear_imgui\imgui_impl_glfw.cpp">
      <Filter>dear_imgui</Filter>
    </ClCompile>
    <ClCompile Include="dear_imgui\imgui_impl_opengl3.cpp">
      <Filter>dear_imgui</Filter>
    </ClCompile>
    <ClCompile Include="..\..\dear_imgui\imgui.cpp">
      <Filter>dear_imgui</Filter>
    </ClCompile>
    <ClCompile Include="..\..\dear_imgui\imgui_draw.cpp">
      <Filter>dear_imgui</Filter>
    </ClCompile>
    <ClCompile Include="..\..\dear_imgui\imgui_widgets.cpp">
      <Filter>dear_imgui</Filter>
    </ClCompile>
    <ClCompile Include="kissmath\bool.cpp">
      <Filter>kissmath</Filter>
    </ClCompile>
    <ClCompile Include="kissmath\bool2.cpp">
      <Filter>kissmath</Filter>
    </ClCompile>
    <ClCompile Include="kissmath\bool3.cpp">
      <Filter>kissmath</Filter>
    </ClCompile>
    <ClCompile Include="kissmath\bool4.cpp">
      <Filter>kissmath</Filter>
    </ClCompile>
    <ClCompile Include="kissmath\float.cpp">
      <Filter>kissmath</Filter>
    </ClCompile>
    <ClCompile Include="kissmath\float2.cpp">
      <Filter>kissmath</Filter>
    </ClCompile>
    <ClCompile Include="kissmath\float2x2.cpp">
      <Filter>kissmath</Filter>
    </ClCompile>
    <ClCompile Include="kissmath\float3.cpp">
      <Filter>kissmath</Filter>
    </ClCompile>
    <ClCompile Include="kissmath\float3x3.cpp">
      <Filter>kissmath</Filter>
    </ClCompile>
    <ClCompile Include="kissmath\float3x4.cpp">
      <Filter>kissmath</Filter>
    </ClCompile>
    <ClCompile Include="kissmath\float4.cpp">
      <Filter>kissmath</Filter>
    </ClCompile>
    <ClCompile Include="kissmath\float4x4.cpp">
      <Filter>kissmath</Filter>
    </ClCompile>
    <ClCompile Include="kissmath\int.cpp">
      <Filter>kissmath</Filter>
    </ClCompile>
    <ClCompile Include="kissmath\int2.cpp">
      <Filter>kissmath</Filter>
    </ClCompile>
    <ClCompile Include="kissmath\int3.cpp">
      <Filter>kissmath</Filter>
    </ClCompile>
    <ClCompile Include="kissmath\int4.cpp">
      <Filter>kissmath</Filter>
    </ClCompile>
    <ClCompile Include="kissmath\transform2d.cpp">
      <Filter>kissmath</Filter>
    </ClCompile>
    <ClCompile Include="kissmath\transform3d.cpp">
      <Filter>kissmath</Filter>
    </ClCompile>
    <ClCompile Include="kissmath\uint8.cpp">
      <Filter>kissmath</Filter>
    </ClCompile>
    <ClCompile Include="kissmath\uint8v2.cpp">
      <Filter>kissmath</Filter>
    </ClCompile>
    <ClCompile Include="kissmath\uint8v3.cpp">
      <Filter>kissmath</Filter>
    </ClCompile>
    <ClCompile Include="kissmath\uint8v4.cpp">
      <Filter>kissmath</Filter>
    </ClCompile>
    <ClCompile Include="kissmath\int64.cpp">
      <Filter>kissmath</Filter>
    </ClCompile>
    <ClCompile Include="kissmath\int64v2.cpp">
      <Filter>kissmath</Filter>
    </ClCompile>
    <ClCompile Include="kissmath\int64v3.cpp">
      <Filter>kissmath</Filter>
    </ClCompile>
    <ClCompile Include="kissmath\int64v4.cpp">
      <Filter>kissmath</Filter>
    </ClCompile>
    <ClCompile Include="glfw_window.cpp" />
    <ClCompile Include="input.cpp" />
    <ClCompile Include="glad\glad_wgl.c">
      <Filter>glad</Filter>
    </ClCompile>
    <ClCompile Include="stb_image.cpp">
      <Filter>stb</Filter>
    </ClCompile>
    <ClCompile Include="chunks.cpp" />
    <ClCompile Include="open_simplex_noise\open_simplex_noise.cpp">
      <Filter>open_simplex_noise</Filter>
    </ClCompile>
    <ClCompile Include="dear_imgui.cpp">
      <Filter>dear_imgui</Filter>
    </ClCompile>
    <ClCompile Include="graphics\camera.cpp">
      <Filter>graphics</Filter>
    </ClCompile>
    <ClCompile Include="player.cpp" />
    <ClCompile Include="physics.cpp" />
    <ClCompile Include="graphics\glshader.cpp">
      <Filter>graphics</Filter>
    </ClCompile>
    <ClCompile Include="graphics\graphics.cpp">
      <Filter>graphics</Filter>
    </ClCompile>
    <ClCompile Include="graphics\debug_graphics.cpp">
      <Filter>graphics</Filter>
    </ClCompile>
    <ClCompile Include="graphics\gl.cpp">
      <Filter>graphics</Filter>
    </ClCompile>
    <ClCompile Include="graphics\common.cpp">
      <Filter>graphics</Filter>
    </ClCompile>
    <ClCompile Include="graphics\image.cpp">
      <Filter>graphics</Filter>
    </ClCompile>
    <ClCompile Include="graphics\texture.cpp">
      <Filter>graphics</Filter>
    </ClCompile>
    <ClCompile Include="game.cpp" />
    <ClCompile Include="util\file_io.cpp">
      <Filter>util</Filter>
    </ClCompile>
    <ClCompile Include="util\string.cpp">
      <Filter>util</Filter>
    </ClCompile>
    <ClCompile Include="util\timer.cpp">
      <Filter>util</Filter>
    </ClCompile>
    <ClCompile Include="util\collision.cpp">
      <Filter>util</Filter>
    </ClCompile>
    <ClCompile Include="world.cpp" />
    <ClCompile Include="util\random.cpp">
      <Filter>util</Filter>
    </ClCompile>
    <ClCompile Include="chunk_mesher.cpp" />
    <ClCompile Include="..\..\dear_imgui\misc\cpp\imgui_stdlib.cpp">
      <Filter>dear_imgui</Filter>
    </ClCompile>
    <ClCompile Include="world_generator.cpp" />
    <ClCompile Include="block_update.cpp" />
    <ClCompile Include="..\..\dear_imgui\imgui_demo.cpp">
      <Filter>dear_imgui</Filter>
    </ClCompile>
    <ClCompile Include="audio\audio.cpp">
      <Filter>audio</Filter>
    </ClCompile>
    <ClCompile Include="graphics\shaders.cpp">
      <Filter>graphics</Filter>
    </ClCompile>
    <ClCompile Include="audio\read_wav.cpp">
      <Filter>audio</Filter>
    </ClCompile>
    <ClCompile Include="stb_rect_pack.cpp">
      <Filter>stb</Filter>
    </ClCompile>
    <ClCompile Include="util\threadpool.cpp">
      <Filter>util</Filter>
    </ClCompile>
  </ItemGroup>
  <ItemGroup>
    <None Include="shaders\overlay.glsl">
      <Filter>shaders</Filter>
    </None>
    <None Include="shaders\skybox.glsl">
      <Filter>shaders</Filter>
    </None>
    <None Include="shaders\block_highlight.glsl">
      <Filter>shaders</Filter>
    </None>
    <None Include="shaders\common.glsl">
      <Filter>shaders</Filter>
    </None>
    <None Include="shaders\blocks.glsl">
      <Filter>shaders</Filter>
    </None>
    <None Include="shaders\generic.glsl">
      <Filter>shaders</Filter>
    </None>
    <None Include="shaders\fog.glsl">
      <Filter>shaders</Filter>
    </None>
    <None Include="shaders\gui.glsl">
      <Filter>shaders</Filter>
    </None>
  </ItemGroup>
  <ItemGroup>
    <Text Include="notes.txt">
      <Filter>docs</Filter>
    </Text>
    <Text Include="todo.txt">
      <Filter>docs</Filter>
    </Text>
  </ItemGroup>
  <ItemGroup>
    <Filter Include="shaders">
      <UniqueIdentifier>{0eaa38e6-83d2-4302-a2a0-7a58a3caab29}</UniqueIdentifier>
    </Filter>
    <Filter Include="glad">
      <UniqueIdentifier>{1847271f-a9df-43e4-9628-48a6e79317e5}</UniqueIdentifier>
    </Filter>
    <Filter Include="docs">
      <UniqueIdentifier>{1b11874a-b140-448b-801e-122cdf7ac8f4}</UniqueIdentifier>
    </Filter>
    <Filter Include="stb">
      <UniqueIdentifier>{8c80bbda-578d-41da-8727-423370554220}</UniqueIdentifier>
    </Filter>
    <Filter Include="open_simplex_noise">
      <UniqueIdentifier>{bcf11987-2db6-4a5f-8768-e9f29417b695}</UniqueIdentifier>
    </Filter>
    <Filter Include="dear_imgui">
      <UniqueIdentifier>{d5fe41fa-cc42-4217-b6e7-4d9d42e7bf08}</UniqueIdentifier>
    </Filter>
    <Filter Include="util">
      <UniqueIdentifier>{693781ce-252a-4068-a5ae-90b32c774c9e}</UniqueIdentifier>
    </Filter>
    <Filter Include="kissmath">
      <UniqueIdentifier>{c72d5d49-a1a5-4087-bcfe-73b53964701b}</UniqueIdentifier>
    </Filter>
    <Filter Include="graphics">
      <UniqueIdentifier>{4271f123-16a3-4d5d-812b-f890d4962a09}</UniqueIdentifier>
    </Filter>
    <Filter Include="audio">
      <UniqueIdentifier>{8308f250-c772-459a-9e30-8daf4e621711}</UniqueIdentifier>
    </Filter>
  </ItemGroup>
</Project>