<?xml version="1.0" encoding="utf-8"?>
<Project ToolsVersion="4.0" xmlns="http://schemas.microsoft.com/developer/msbuild/2003">
  <ItemGroup>
    <ClInclude Include="..\tracy\Tracy.hpp">
      <Filter>tracy</Filter>
    </ClInclude>
    <ClInclude Include="..\tracy\TracyC.h">
      <Filter>tracy</Filter>
    </ClInclude>
    <ClInclude Include="..\tracy\TracyOpenGL.hpp">
      <Filter>tracy</Filter>
    </ClInclude>
    <ClInclude Include="..\tracy\TracyVulkan.hpp">
      <Filter>tracy</Filter>
    </ClInclude>
    <ClInclude Include="src\block_update.hpp" />
    <ClInclude Include="src\blocks.hpp" />
    <ClInclude Include="src\dear_imgui.hpp" />
    <ClInclude Include="src\game.hpp" />
    <ClInclude Include="src\glfw_window.hpp" />
    <ClInclude Include="src\input.hpp" />
    <ClInclude Include="src\items.hpp" />
    <ClInclude Include="src\kissmath.hpp" />
    <ClInclude Include="src\kissmath_colors.hpp" />
    <ClInclude Include="src\physics.hpp" />
    <ClInclude Include="src\player.hpp" />
    <ClInclude Include="src\profiling.hpp" />
    <ClInclude Include="src\serialization.hpp" />
    <ClInclude Include="src\svo.hpp" />
    <ClInclude Include="src\threading.hpp" />
    <ClInclude Include="src\time_of_day.hpp" />
    <ClInclude Include="src\voxel_mesher.hpp" />
    <ClInclude Include="src\voxel_system.hpp" />
    <ClInclude Include="src\world.hpp" />
    <ClInclude Include="src\util\allocator.hpp">
      <Filter>util</Filter>
    </ClInclude>
    <ClInclude Include="src\util\animation.hpp">
      <Filter>util</Filter>
    </ClInclude>
    <ClInclude Include="src\util\bit_twiddling.hpp">
      <Filter>util</Filter>
    </ClInclude>
    <ClInclude Include="src\util\circular_buffer.hpp">
      <Filter>util</Filter>
    </ClInclude>
    <ClInclude Include="src\util\clean_windows_h.hpp">
      <Filter>util</Filter>
    </ClInclude>
    <ClInclude Include="src\util\collision.hpp">
      <Filter>util</Filter>
    </ClInclude>
    <ClInclude Include="src\util\file_io.hpp">
      <Filter>util</Filter>
    </ClInclude>
    <ClInclude Include="src\util\freelist_allocator.hpp">
      <Filter>util</Filter>
    </ClInclude>
    <ClInclude Include="src\util\geometry.hpp">
      <Filter>util</Filter>
    </ClInclude>
    <ClInclude Include="src\util\macros.hpp">
      <Filter>util</Filter>
    </ClInclude>
    <ClInclude Include="src\util\random.hpp">
      <Filter>util</Filter>
    </ClInclude>
    <ClInclude Include="src\util\raw_array.hpp">
      <Filter>util</Filter>
    </ClInclude>
    <ClInclude Include="src\util\read_directory.hpp">
      <Filter>util</Filter>
    </ClInclude>
    <ClInclude Include="src\util\running_average.hpp">
      <Filter>util</Filter>
    </ClInclude>
    <ClInclude Include="src\util\string.hpp">
      <Filter>util</Filter>
    </ClInclude>
    <ClInclude Include="src\util\threadpool.hpp">
      <Filter>util</Filter>
    </ClInclude>
    <ClInclude Include="src\util\threadsafe_queue.hpp">
      <Filter>util</Filter>
    </ClInclude>
    <ClInclude Include="src\util\timer.hpp">
      <Filter>util</Filter>
    </ClInclude>
    <ClInclude Include="src\stb\stb_image.hpp">
      <Filter>stb</Filter>
    </ClInclude>
    <ClInclude Include="src\stb\stb_rect_pack.hpp">
      <Filter>stb</Filter>
    </ClInclude>
    <ClInclude Include="src\kissmath\bool2.hpp">
      <Filter>kissmath</Filter>
    </ClInclude>
    <ClInclude Include="src\kissmath\bool3.hpp">
      <Filter>kissmath</Filter>
    </ClInclude>
    <ClInclude Include="src\kissmath\bool4.hpp">
      <Filter>kissmath</Filter>
    </ClInclude>
    <ClInclude Include="src\kissmath\float.hpp">
      <Filter>kissmath</Filter>
    </ClInclude>
    <ClInclude Include="src\kissmath\float2.hpp">
      <Filter>kissmath</Filter>
    </ClInclude>
    <ClInclude Include="src\kissmath\float2x2.hpp">
      <Filter>kissmath</Filter>
    </ClInclude>
    <ClInclude Include="src\kissmath\float2x3.hpp">
      <Filter>kissmath</Filter>
    </ClInclude>
    <ClInclude Include="src\kissmath\float3.hpp">
      <Filter>kissmath</Filter>
    </ClInclude>
    <ClInclude Include="src\kissmath\float3x3.hpp">
      <Filter>kissmath</Filter>
    </ClInclude>
    <ClInclude Include="src\kissmath\float3x4.hpp">
      <Filter>kissmath</Filter>
    </ClInclude>
    <ClInclude Include="src\kissmath\float4.hpp">
      <Filter>kissmath</Filter>
    </ClInclude>
    <ClInclude Include="src\kissmath\float4x4.hpp">
      <Filter>kissmath</Filter>
    </ClInclude>
    <ClInclude Include="src\kissmath\int.hpp">
      <Filter>kissmath</Filter>
    </ClInclude>
    <ClInclude Include="src\kissmath\int2.hpp">
      <Filter>kissmath</Filter>
    </ClInclude>
    <ClInclude Include="src\kissmath\int3.hpp">
      <Filter>kissmath</Filter>
    </ClInclude>
    <ClInclude Include="src\kissmath\int4.hpp">
      <Filter>kissmath</Filter>
    </ClInclude>
    <ClInclude Include="src\kissmath\int64.hpp">
      <Filter>kissmath</Filter>
    </ClInclude>
    <ClInclude Include="src\kissmath\int64v2.hpp">
      <Filter>kissmath</Filter>
    </ClInclude>
    <ClInclude Include="src\kissmath\int64v3.hpp">
      <Filter>kissmath</Filter>
    </ClInclude>
    <ClInclude Include="src\kissmath\int64v4.hpp">
      <Filter>kissmath</Filter>
    </ClInclude>
    <ClInclude Include="src\kissmath\transform2d.hpp">
      <Filter>kissmath</Filter>
    </ClInclude>
    <ClInclude Include="src\kissmath\transform3d.hpp">
      <Filter>kissmath</Filter>
    </ClInclude>
    <ClInclude Include="src\kissmath\uint8.hpp">
      <Filter>kissmath</Filter>
    </ClInclude>
    <ClInclude Include="src\kissmath\uint8v2.hpp">
      <Filter>kissmath</Filter>
    </ClInclude>
    <ClInclude Include="src\kissmath\uint8v3.hpp">
      <Filter>kissmath</Filter>
    </ClInclude>
    <ClInclude Include="src\kissmath\uint8v4.hpp">
      <Filter>kissmath</Filter>
    </ClInclude>
    <ClInclude Include="src\graphics\atlas.hpp">
      <Filter>graphics</Filter>
    </ClInclude>
    <ClInclude Include="src\graphics\camera.hpp">
      <Filter>graphics</Filter>
    </ClInclude>
    <ClInclude Include="src\graphics\common.hpp">
      <Filter>graphics</Filter>
    </ClInclude>
    <ClInclude Include="src\graphics\debug_graphics.hpp">
      <Filter>graphics</Filter>
    </ClInclude>
    <ClInclude Include="src\graphics\gl.hpp">
      <Filter>graphics</Filter>
    </ClInclude>
    <ClInclude Include="src\graphics\glshader.hpp">
      <Filter>graphics</Filter>
    </ClInclude>
    <ClInclude Include="src\graphics\graphics.hpp">
      <Filter>graphics</Filter>
    </ClInclude>
    <ClInclude Include="src\graphics\graphics_common.hpp">
      <Filter>graphics</Filter>
    </ClInclude>
    <ClInclude Include="src\graphics\image.hpp">
      <Filter>graphics</Filter>
    </ClInclude>
    <ClInclude Include="src\graphics\raytracer.hpp">
      <Filter>graphics</Filter>
    </ClInclude>
    <ClInclude Include="src\graphics\shaders.hpp">
      <Filter>graphics</Filter>
    </ClInclude>
    <ClInclude Include="src\graphics\texture.hpp">
      <Filter>graphics</Filter>
    </ClInclude>
    <ClInclude Include="src\glad\glad.h">
      <Filter>glad</Filter>
    </ClInclude>
    <ClInclude Include="src\glad\glad_wgl.h">
      <Filter>glad</Filter>
    </ClInclude>
    <ClInclude Include="src\glad\khrplatform.h">
      <Filter>glad</Filter>
    </ClInclude>
    <ClInclude Include="src\dear_imgui\imgui_impl_glfw.h">
      <Filter>dear_imgui</Filter>
    </ClInclude>
    <ClInclude Include="src\dear_imgui\imgui_impl_opengl3.h">
      <Filter>dear_imgui</Filter>
    </ClInclude>
    <ClInclude Include="src\audio\audio.hpp">
      <Filter>audio</Filter>
    </ClInclude>
    <ClInclude Include="src\audio\read_wav.hpp">
      <Filter>audio</Filter>
    </ClInclude>
    <ClInclude Include="stdafx.hpp" />
    <ClInclude Include="src\worldgen.hpp" />
    <ClInclude Include="src\graphics\worldgen_raymarch.hpp">
      <Filter>graphics</Filter>
    </ClInclude>
    <ClInclude Include="src\stb\stb_image_write.hpp">
      <Filter>stb</Filter>
    </ClInclude>
  </ItemGroup>
  <ItemGroup>
    <ClCompile Include="..\..\dear_imgui\imgui.cpp">
      <Filter>dear_imgui</Filter>
    </ClCompile>
    <ClCompile Include="..\..\dear_imgui\imgui_draw.cpp">
      <Filter>dear_imgui</Filter>
    </ClCompile>
    <ClCompile Include="..\..\dear_imgui\imgui_widgets.cpp">
      <Filter>dear_imgui</Filter>
    </ClCompile>
    <ClCompile Include="..\..\dear_imgui\misc\cpp\imgui_stdlib.cpp">
      <Filter>dear_imgui</Filter>
    </ClCompile>
    <ClCompile Include="..\..\dear_imgui\imgui_demo.cpp">
      <Filter>dear_imgui</Filter>
    </ClCompile>
    <ClCompile Include="..\tracy\TracyClient.cpp">
      <Filter>tracy</Filter>
    </ClCompile>
    <ClCompile Include="src\block_update.cpp" />
    <ClCompile Include="src\dear_imgui.cpp" />
    <ClCompile Include="src\game.cpp" />
    <ClCompile Include="src\glfw_window.cpp" />
    <ClCompile Include="src\input.cpp" />
    <ClCompile Include="src\items.cpp" />
    <ClCompile Include="src\physics.cpp" />
    <ClCompile Include="src\player.cpp" />
    <ClCompile Include="src\svo.cpp" />
    <ClCompile Include="src\time_of_day.cpp" />
    <ClCompile Include="src\voxel_mesher.cpp" />
    <ClCompile Include="src\world.cpp" />
    <ClCompile Include="src\util\allocator.cpp">
      <Filter>util</Filter>
    </ClCompile>
    <ClCompile Include="src\util\collision.cpp">
      <Filter>util</Filter>
    </ClCompile>
    <ClCompile Include="src\util\file_io.cpp">
      <Filter>util</Filter>
    </ClCompile>
    <ClCompile Include="src\util\random.cpp">
      <Filter>util</Filter>
    </ClCompile>
    <ClCompile Include="src\util\read_directory.cpp">
      <Filter>util</Filter>
    </ClCompile>
    <ClCompile Include="src\util\string.cpp">
      <Filter>util</Filter>
    </ClCompile>
    <ClCompile Include="src\util\threadpool.cpp">
      <Filter>util</Filter>
    </ClCompile>
    <ClCompile Include="src\util\timer.cpp">
      <Filter>util</Filter>
    </ClCompile>
    <ClCompile Include="src\stb\stb_image.cpp">
      <Filter>stb</Filter>
    </ClCompile>
    <ClCompile Include="src\stb\stb_rect_pack.cpp">
      <Filter>stb</Filter>
    </ClCompile>
    <ClCompile Include="src\graphics\camera.cpp">
      <Filter>graphics</Filter>
    </ClCompile>
    <ClCompile Include="src\graphics\common.cpp">
      <Filter>graphics</Filter>
    </ClCompile>
    <ClCompile Include="src\graphics\debug_graphics.cpp">
      <Filter>graphics</Filter>
    </ClCompile>
    <ClCompile Include="src\graphics\gl.cpp">
      <Filter>graphics</Filter>
    </ClCompile>
    <ClCompile Include="src\graphics\glshader.cpp">
      <Filter>graphics</Filter>
    </ClCompile>
    <ClCompile Include="src\graphics\graphics.cpp">
      <Filter>graphics</Filter>
    </ClCompile>
    <ClCompile Include="src\graphics\image.cpp">
      <Filter>graphics</Filter>
    </ClCompile>
    <ClCompile Include="src\graphics\raytracer.cpp">
      <Filter>graphics</Filter>
    </ClCompile>
    <ClCompile Include="src\graphics\shaders.cpp">
      <Filter>graphics</Filter>
    </ClCompile>
    <ClCompile Include="src\graphics\texture.cpp">
      <Filter>graphics</Filter>
    </ClCompile>
    <ClCompile Include="src\glad\glad.c">
      <Filter>glad</Filter>
    </ClCompile>
    <ClCompile Include="src\glad\glad_wgl.c">
      <Filter>glad</Filter>
    </ClCompile>
    <ClCompile Include="src\dear_imgui\imgui_impl_glfw.cpp">
      <Filter>dear_imgui</Filter>
    </ClCompile>
    <ClCompile Include="src\dear_imgui\imgui_impl_opengl3.cpp">
      <Filter>dear_imgui</Filter>
    </ClCompile>
    <ClCompile Include="src\audio\audio.cpp">
      <Filter>audio</Filter>
    </ClCompile>
    <ClCompile Include="src\audio\read_wav.cpp">
      <Filter>audio</Filter>
    </ClCompile>
    <ClCompile Include="stdafx.cpp" />
    <ClCompile Include="src\stb\stb_image_write.cpp">
      <Filter>stb</Filter>
    </ClCompile>
  </ItemGroup>
  <ItemGroup>
    <None Include="shaders\skybox.glsl">
      <Filter>shaders</Filter>
    </None>
    <None Include="shaders\block_highlight.glsl">
      <Filter>shaders</Filter>
    </None>
    <None Include="shaders\common.glsl">
      <Filter>shaders</Filter>
    </None>
    <None Include="shaders\blocks.glsl">
      <Filter>shaders</Filter>
    </None>
    <None Include="shaders\generic.glsl">
      <Filter>shaders</Filter>
    </None>
    <None Include="shaders\fog.glsl">
      <Filter>shaders</Filter>
    </None>
    <None Include="shaders\gui.glsl">
      <Filter>shaders</Filter>
    </None>
    <None Include="shaders\gui_item_block.glsl">
      <Filter>shaders</Filter>
    </None>
    <None Include="shaders\gui_item.glsl">
      <Filter>shaders</Filter>
    </None>
    <None Include="shaders\held_item.glsl">
      <Filter>shaders</Filter>
    </None>
    <None Include="shaders\debug_graphics.glsl">
      <Filter>shaders</Filter>
    </None>
    <None Include="shaders\raytrace_svo.glsl">
      <Filter>shaders</Filter>
    </None>
    <None Include="src\kissmath\bool2.inl">
      <Filter>kissmath</Filter>
    </None>
    <None Include="src\kissmath\bool3.inl">
      <Filter>kissmath</Filter>
    </None>
    <None Include="src\kissmath\bool4.inl">
      <Filter>kissmath</Filter>
    </None>
    <None Include="src\kissmath\float.inl">
      <Filter>kissmath</Filter>
    </None>
    <None Include="src\kissmath\float2.inl">
      <Filter>kissmath</Filter>
    </None>
    <None Include="src\kissmath\float2x2.inl">
      <Filter>kissmath</Filter>
    </None>
    <None Include="src\kissmath\float2x3.inl">
      <Filter>kissmath</Filter>
    </None>
    <None Include="src\kissmath\float3.inl">
      <Filter>kissmath</Filter>
    </None>
    <None Include="src\kissmath\float3x3.inl">
      <Filter>kissmath</Filter>
    </None>
    <None Include="src\kissmath\float3x4.inl">
      <Filter>kissmath</Filter>
    </None>
    <None Include="src\kissmath\float4.inl">
      <Filter>kissmath</Filter>
    </None>
    <None Include="src\kissmath\float4x4.inl">
      <Filter>kissmath</Filter>
    </None>
    <None Include="src\kissmath\int.inl">
      <Filter>kissmath</Filter>
    </None>
    <None Include="src\kissmath\int2.inl">
      <Filter>kissmath</Filter>
    </None>
    <None Include="src\kissmath\int3.inl">
      <Filter>kissmath</Filter>
    </None>
    <None Include="src\kissmath\int4.inl">
      <Filter>kissmath</Filter>
    </None>
    <None Include="src\kissmath\int64.inl">
      <Filter>kissmath</Filter>
    </None>
    <None Include="src\kissmath\int64v2.inl">
      <Filter>kissmath</Filter>
    </None>
    <None Include="src\kissmath\int64v3.inl">
      <Filter>kissmath</Filter>
    </None>
    <None Include="src\kissmath\int64v4.inl">
      <Filter>kissmath</Filter>
    </None>
    <None Include="src\kissmath\transform2d.inl">
      <Filter>kissmath</Filter>
    </None>
    <None Include="src\kissmath\transform3d.inl">
      <Filter>kissmath</Filter>
    </None>
    <None Include="src\kissmath\uint8.inl">
      <Filter>kissmath</Filter>
    </None>
    <None Include="src\kissmath\uint8v2.inl">
      <Filter>kissmath</Filter>
    </None>
    <None Include="src\kissmath\uint8v3.inl">
      <Filter>kissmath</Filter>
    </None>
    <None Include="src\kissmath\uint8v4.inl">
      <Filter>kissmath</Filter>
    </None>
    <None Include="shaders\worldgen_raymarch.glsl">
      <Filter>shaders</Filter>
    </None>
    <None Include="shaders\noise.glsl">
      <Filter>shaders</Filter>
    </None>
    <None Include="shaders\worldgen.glsl">
      <Filter>shaders</Filter>
    </None>
  </ItemGroup>
  <ItemGroup>
    <Filter Include="shaders">
      <UniqueIdentifier>{0eaa38e6-83d2-4302-a2a0-7a58a3caab29}</UniqueIdentifier>
    </Filter>
    <Filter Include="glad">
      <UniqueIdentifier>{1847271f-a9df-43e4-9628-48a6e79317e5}</UniqueIdentifier>
    </Filter>
    <Filter Include="dear_imgui">
      <UniqueIdentifier>{d5fe41fa-cc42-4217-b6e7-4d9d42e7bf08}</UniqueIdentifier>
    </Filter>
    <Filter Include="util">
      <UniqueIdentifier>{693781ce-252a-4068-a5ae-90b32c774c9e}</UniqueIdentifier>
    </Filter>
    <Filter Include="kissmath">
      <UniqueIdentifier>{c72d5d49-a1a5-4087-bcfe-73b53964701b}</UniqueIdentifier>
    </Filter>
    <Filter Include="graphics">
      <UniqueIdentifier>{4271f123-16a3-4d5d-812b-f890d4962a09}</UniqueIdentifier>
    </Filter>
    <Filter Include="audio">
      <UniqueIdentifier>{8308f250-c772-459a-9e30-8daf4e621711}</UniqueIdentifier>
    </Filter>
    <Filter Include="tracy">
      <UniqueIdentifier>{e551c6ec-689e-4052-84b7-92ebdbca2a3e}</UniqueIdentifier>
    </Filter>
    <Filter Include="stb">
      <UniqueIdentifier>{5dc04b86-4a19-423d-b0c8-976bebabebf3}</UniqueIdentifier>
    </Filter>
  </ItemGroup>
</Project>